
Microsoft Visual Studio Solution File, Format Version 12.00
# Visual Studio Version 17
VisualStudioVersion = 17.14.36121.58
MinimumVisualStudioVersion = 10.0.40219.1
Project("{FAE04EC0-301F-11D3-BF4B-00C04F79EFBC}") = "Koncierge.Ui", "Koncierge.Ui\Koncierge.Ui.csproj", "{BAACCB31-1625-405D-B092-05F444F780A2}"
EndProject
Project("{FAE04EC0-301F-11D3-BF4B-00C04F79EFBC}") = "Koncierge.Domain", "Koncierge.Domain\Koncierge.Domain.csproj", "{FC14D85E-2CE3-492E-B31F-84FA989C2D0B}"
EndProject
Project("{FAE04EC0-301F-11D3-BF4B-00C04F79EFBC}") = "Koncierge.Data", "Koncierge.Data\Koncierge.Data.csproj", "{23BB5FF4-CBDD-4DD6-8668-4C9C6E133FC2}"
EndProject
Project("{FAE04EC0-301F-11D3-BF4B-00C04F79EFBC}") = "Koncierge.Core", "Koncierge.Core\Koncierge.Core.csproj", "{49DF9CCE-D3BB-4059-9873-641F7846D593}"
EndProject
Global
	GlobalSection(SolutionConfigurationPlatforms) = preSolution
		Debug|Any CPU = Debug|Any CPU
		Release|Any CPU = Release|Any CPU
	EndGlobalSection
	GlobalSection(ProjectConfigurationPlatforms) = postSolution
		{BAACCB31-1625-405D-B092-05F444F780A2}.Debug|Any CPU.ActiveCfg = Debug|Any CPU
		{BAACCB31-1625-405D-B092-05F444F780A2}.Debug|Any CPU.Build.0 = Debug|Any CPU
		{BAACCB31-1625-405D-B092-05F444F780A2}.Debug|Any CPU.Deploy.0 = Debug|Any CPU
		{BAACCB31-1625-405D-B092-05F444F780A2}.Release|Any CPU.ActiveCfg = Release|Any CPU
		{BAACCB31-1625-405D-B092-05F444F780A2}.Release|Any CPU.Build.0 = Release|Any CPU
		{BAACCB31-1625-405D-B092-05F444F780A2}.Release|Any CPU.Deploy.0 = Release|Any CPU
		{FC14D85E-2CE3-492E-B31F-84FA989C2D0B}.Debug|Any CPU.ActiveCfg = Debug|Any CPU
		{FC14D85E-2CE3-492E-B31F-84FA989C2D0B}.Debug|Any CPU.Build.0 = Debug|Any CPU
		{FC14D85E-2CE3-492E-B31F-84FA989C2D0B}.Release|Any CPU.ActiveCfg = Release|Any CPU
		{FC14D85E-2CE3-492E-B31F-84FA989C2D0B}.Release|Any CPU.Build.0 = Release|Any CPU
		{23BB5FF4-CBDD-4DD6-8668-4C9C6E133FC2}.Debug|Any CPU.ActiveCfg = Debug|Any CPU
		{23BB5FF4-CBDD-4DD6-8668-4C9C6E133FC2}.Debug|Any CPU.Build.0 = Debug|Any CPU
		{23BB5FF4-CBDD-4DD6-8668-4C9C6E133FC2}.Release|Any CPU.ActiveCfg = Release|Any CPU
		{23BB5FF4-CBDD-4DD6-8668-4C9C6E133FC2}.Release|Any CPU.Build.0 = Release|Any CPU
		{49DF9CCE-D3BB-4059-9873-641F7846D593}.Debug|Any CPU.ActiveCfg = Debug|Any CPU
		{49DF9CCE-D3BB-4059-9873-641F7846D593}.Debug|Any CPU.Build.0 = Debug|Any CPU
		{49DF9CCE-D3BB-4059-9873-641F7846D593}.Release|Any CPU.ActiveCfg = Release|Any CPU
		{49DF9CCE-D3BB-4059-9873-641F7846D593}.Release|Any CPU.Build.0 = Release|Any CPU
	EndGlobalSection
	GlobalSection(SolutionProperties) = preSolution
		HideSolutionNode = FALSE
	EndGlobalSection
	GlobalSection(ExtensibilityGlobals) = postSolution
		SolutionGuid = {51C02CA4-77FD-4B32-9054-A2A196614725}
	EndGlobalSection
EndGlobal
